
Microsoft Visual Studio Solution File, Format Version 12.00
# Visual Studio 2012
Project("{FAE04EC0-301F-11D3-BF4B-00C04F79EFBC}") = "StudentEnroll.Android", "StudentEnroll.Android\StudentEnroll.Android.csproj", "{36AFA2C2-7566-4423-AF94-5D471382144A}"
EndProject
Project("{FAE04EC0-301F-11D3-BF4B-00C04F79EFBC}") = "StudentEnroll.iOS", "StudentEnroll.iOS\StudentEnroll.iOS.csproj", "{9E72DA36-96BC-458A-8AB5-B38F2C6256C8}"
EndProject
Project("{FAE04EC0-301F-11D3-BF4B-00C04F79EFBC}") = "StudentEnroll", "StudentEnroll\StudentEnroll.csproj", "{466A418D-DB94-4126-A10E-F9546A596CC4}"
EndProject
Global
	GlobalSection(SolutionConfigurationPlatforms) = preSolution
		Debug|Any CPU = Debug|Any CPU
		Release|Any CPU = Release|Any CPU
		Debug|iPhoneSimulator = Debug|iPhoneSimulator
		Release|iPhoneSimulator = Release|iPhoneSimulator
		Debug|iPhone = Debug|iPhone
		Release|iPhone = Release|iPhone
		Ad-Hoc|iPhone = Ad-Hoc|iPhone
		AppStore|iPhone = AppStore|iPhone
	EndGlobalSection
	GlobalSection(ProjectConfigurationPlatforms) = postSolution
		{36AFA2C2-7566-4423-AF94-5D471382144A}.Debug|Any CPU.ActiveCfg = Debug|Any CPU
		{36AFA2C2-7566-4423-AF94-5D471382144A}.Debug|Any CPU.Build.0 = Debug|Any CPU
		{36AFA2C2-7566-4423-AF94-5D471382144A}.Release|Any CPU.ActiveCfg = Release|Any CPU
		{36AFA2C2-7566-4423-AF94-5D471382144A}.Release|Any CPU.Build.0 = Release|Any CPU
		{36AFA2C2-7566-4423-AF94-5D471382144A}.Debug|iPhoneSimulator.ActiveCfg = Debug|Any CPU
		{36AFA2C2-7566-4423-AF94-5D471382144A}.Debug|iPhoneSimulator.Build.0 = Debug|Any CPU
		{36AFA2C2-7566-4423-AF94-5D471382144A}.Release|iPhoneSimulator.ActiveCfg = Release|Any CPU
		{36AFA2C2-7566-4423-AF94-5D471382144A}.Release|iPhoneSimulator.Build.0 = Release|Any CPU
		{36AFA2C2-7566-4423-AF94-5D471382144A}.Debug|iPhone.ActiveCfg = Debug|Any CPU
		{36AFA2C2-7566-4423-AF94-5D471382144A}.Debug|iPhone.Build.0 = Debug|Any CPU
		{36AFA2C2-7566-4423-AF94-5D471382144A}.Release|iPhone.ActiveCfg = Release|Any CPU
		{36AFA2C2-7566-4423-AF94-5D471382144A}.Release|iPhone.Build.0 = Release|Any CPU
		{36AFA2C2-7566-4423-AF94-5D471382144A}.Ad-Hoc|iPhone.ActiveCfg = Debug|Any CPU
		{36AFA2C2-7566-4423-AF94-5D471382144A}.Ad-Hoc|iPhone.Build.0 = Debug|Any CPU
		{36AFA2C2-7566-4423-AF94-5D471382144A}.AppStore|iPhone.ActiveCfg = Debug|Any CPU
		{36AFA2C2-7566-4423-AF94-5D471382144A}.AppStore|iPhone.Build.0 = Debug|Any CPU
		{9E72DA36-96BC-458A-8AB5-B38F2C6256C8}.Debug|Any CPU.ActiveCfg = Debug|iPhoneSimulator
		{9E72DA36-96BC-458A-8AB5-B38F2C6256C8}.Debug|Any CPU.Build.0 = Debug|iPhoneSimulator
		{9E72DA36-96BC-458A-8AB5-B38F2C6256C8}.Release|Any CPU.ActiveCfg = Release|iPhoneSimulator
		{9E72DA36-96BC-458A-8AB5-B38F2C6256C8}.Release|Any CPU.Build.0 = Release|iPhoneSimulator
		{9E72DA36-96BC-458A-8AB5-B38F2C6256C8}.Debug|iPhoneSimulator.ActiveCfg = Debug|iPhoneSimulator
		{9E72DA36-96BC-458A-8AB5-B38F2C6256C8}.Debug|iPhoneSimulator.Build.0 = Debug|iPhoneSimulator
		{9E72DA36-96BC-458A-8AB5-B38F2C6256C8}.Release|iPhoneSimulator.ActiveCfg = Release|iPhoneSimulator
		{9E72DA36-96BC-458A-8AB5-B38F2C6256C8}.Release|iPhoneSimulator.Build.0 = Release|iPhoneSimulator
		{9E72DA36-96BC-458A-8AB5-B38F2C6256C8}.Debug|iPhone.ActiveCfg = Debug|iPhone
		{9E72DA36-96BC-458A-8AB5-B38F2C6256C8}.Debug|iPhone.Build.0 = Debug|iPhone
		{9E72DA36-96BC-458A-8AB5-B38F2C6256C8}.Release|iPhone.ActiveCfg = Release|iPhone
		{9E72DA36-96BC-458A-8AB5-B38F2C6256C8}.Release|iPhone.Build.0 = Release|iPhone
		{9E72DA36-96BC-458A-8AB5-B38F2C6256C8}.Ad-Hoc|iPhone.ActiveCfg = Ad-Hoc|iPhone
		{9E72DA36-96BC-458A-8AB5-B38F2C6256C8}.Ad-Hoc|iPhone.Build.0 = Ad-Hoc|iPhone
		{9E72DA36-96BC-458A-8AB5-B38F2C6256C8}.AppStore|iPhone.ActiveCfg = AppStore|iPhone
		{9E72DA36-96BC-458A-8AB5-B38F2C6256C8}.AppStore|iPhone.Build.0 = AppStore|iPhone
		{466A418D-DB94-4126-A10E-F9546A596CC4}.Debug|Any CPU.ActiveCfg = Debug|Any CPU
		{466A418D-DB94-4126-A10E-F9546A596CC4}.Debug|Any CPU.Build.0 = Debug|Any CPU
		{466A418D-DB94-4126-A10E-F9546A596CC4}.Release|Any CPU.ActiveCfg = Release|Any CPU
		{466A418D-DB94-4126-A10E-F9546A596CC4}.Release|Any CPU.Build.0 = Release|Any CPU
		{466A418D-DB94-4126-A10E-F9546A596CC4}.Debug|iPhoneSimulator.ActiveCfg = Debug|Any CPU
		{466A418D-DB94-4126-A10E-F9546A596CC4}.Debug|iPhoneSimulator.Build.0 = Debug|Any CPU
		{466A418D-DB94-4126-A10E-F9546A596CC4}.Release|iPhoneSimulator.ActiveCfg = Release|Any CPU
		{466A418D-DB94-4126-A10E-F9546A596CC4}.Release|iPhoneSimulator.Build.0 = Release|Any CPU
		{466A418D-DB94-4126-A10E-F9546A596CC4}.Debug|iPhone.ActiveCfg = Debug|Any CPU
		{466A418D-DB94-4126-A10E-F9546A596CC4}.Debug|iPhone.Build.0 = Debug|Any CPU
		{466A418D-DB94-4126-A10E-F9546A596CC4}.Release|iPhone.ActiveCfg = Release|Any CPU
		{466A418D-DB94-4126-A10E-F9546A596CC4}.Release|iPhone.Build.0 = Release|Any CPU
		{466A418D-DB94-4126-A10E-F9546A596CC4}.Ad-Hoc|iPhone.ActiveCfg = Debug|Any CPU
		{466A418D-DB94-4126-A10E-F9546A596CC4}.Ad-Hoc|iPhone.Build.0 = Debug|Any CPU
		{466A418D-DB94-4126-A10E-F9546A596CC4}.AppStore|iPhone.ActiveCfg = Debug|Any CPU
		{466A418D-DB94-4126-A10E-F9546A596CC4}.AppStore|iPhone.Build.0 = Debug|Any CPU
	EndGlobalSection
EndGlobal
